{
  "name": "having-fun-in-functional-javascript",
  "version": "1.0.0",
  "lockfileVersion": 1,
  "requires": true,
  "dependencies": {
    "kyanite": {
      "version": "0.13.0",
      "resolved": "https://registry.npmjs.org/kyanite/-/kyanite-0.13.0.tgz",
      "integrity": "sha512-BlBT+5yumxbqar9l39eAVNwA7FkLfFvm409W0/vVg/MmnxeP3KsAqPr4bTASzOhkHveS0EZElsaT3eTrJ03oiw=="
    }
  }
}
